
Microsoft Visual Studio Solution File, Format Version 12.00
# Visual Studio Version 17
VisualStudioVersion = 17.11.35222.181
MinimumVisualStudioVersion = 10.0.40219.1
Project("{FAE04EC0-301F-11D3-BF4B-00C04F79EFBC}") = "A_1073_Tugas PBO1", "nyobakPR\A_1073_Tugas PBO1.csproj", "{45FB03D8-7BF1-4FAC-A1D9-88059F3A1CC3}"
EndProject
Global
	GlobalSection(SolutionConfigurationPlatforms) = preSolution
		Debug|Any CPU = Debug|Any CPU
		Release|Any CPU = Release|Any CPU
	EndGlobalSection
	GlobalSection(ProjectConfigurationPlatforms) = postSolution
		{45FB03D8-7BF1-4FAC-A1D9-88059F3A1CC3}.Debug|Any CPU.ActiveCfg = Debug|Any CPU
		{45FB03D8-7BF1-4FAC-A1D9-88059F3A1CC3}.Debug|Any CPU.Build.0 = Debug|Any CPU
		{45FB03D8-7BF1-4FAC-A1D9-88059F3A1CC3}.Release|Any CPU.ActiveCfg = Release|Any CPU
		{45FB03D8-7BF1-4FAC-A1D9-88059F3A1CC3}.Release|Any CPU.Build.0 = Release|Any CPU
	EndGlobalSection
	GlobalSection(SolutionProperties) = preSolution
		HideSolutionNode = FALSE
	EndGlobalSection
	GlobalSection(ExtensibilityGlobals) = postSolution
		SolutionGuid = {4C484200-158F-4649-ACDA-6B3E5C7CE371}
	EndGlobalSection
EndGlobal
